
Microsoft Visual Studio Solution File, Format Version 12.00
# Visual Studio Version 16
VisualStudioVersion = 16.0.31729.503
MinimumVisualStudioVersion = 10.0.40219.1
Project("{8BC9CEB8-8B4A-11D0-8D11-00A0C91BC942}") = "VideoGameRecommendationSystem", "VideoGameRecommendationSystem.vcxproj", "{B01D90AD-6B66-41BA-B20E-6740333A8E27}"
EndProject
Project("{8BC9CEB8-8B4A-11D0-8D11-00A0C91BC942}") = "UnitTests", "UnitTests\UnitTests.vcxproj", "{C83A7A67-10BA-4E12-BB39-AA8BB1E38C6D}"
EndProject
Global
	GlobalSection(SolutionConfigurationPlatforms) = preSolution
		Debug|x64 = Debug|x64
		Debug|x86 = Debug|x86
		Release|x64 = Release|x64
		Release|x86 = Release|x86
	EndGlobalSection
	GlobalSection(ProjectConfigurationPlatforms) = postSolution
		{B01D90AD-6B66-41BA-B20E-6740333A8E27}.Debug|x64.ActiveCfg = Debug|x64
		{B01D90AD-6B66-41BA-B20E-6740333A8E27}.Debug|x64.Build.0 = Debug|x64
		{B01D90AD-6B66-41BA-B20E-6740333A8E27}.Debug|x86.ActiveCfg = Debug|Win32
		{B01D90AD-6B66-41BA-B20E-6740333A8E27}.Debug|x86.Build.0 = Debug|Win32
		{B01D90AD-6B66-41BA-B20E-6740333A8E27}.Release|x64.ActiveCfg = Release|x64
		{B01D90AD-6B66-41BA-B20E-6740333A8E27}.Release|x64.Build.0 = Release|x64
		{B01D90AD-6B66-41BA-B20E-6740333A8E27}.Release|x86.ActiveCfg = Release|Win32
		{B01D90AD-6B66-41BA-B20E-6740333A8E27}.Release|x86.Build.0 = Release|Win32
		{C83A7A67-10BA-4E12-BB39-AA8BB1E38C6D}.Debug|x64.ActiveCfg = Debug|x64
		{C83A7A67-10BA-4E12-BB39-AA8BB1E38C6D}.Debug|x64.Build.0 = Debug|x64
		{C83A7A67-10BA-4E12-BB39-AA8BB1E38C6D}.Debug|x86.ActiveCfg = Debug|Win32
		{C83A7A67-10BA-4E12-BB39-AA8BB1E38C6D}.Debug|x86.Build.0 = Debug|Win32
		{C83A7A67-10BA-4E12-BB39-AA8BB1E38C6D}.Release|x64.ActiveCfg = Release|x64
		{C83A7A67-10BA-4E12-BB39-AA8BB1E38C6D}.Release|x64.Build.0 = Release|x64
		{C83A7A67-10BA-4E12-BB39-AA8BB1E38C6D}.Release|x86.ActiveCfg = Release|Win32
		{C83A7A67-10BA-4E12-BB39-AA8BB1E38C6D}.Release|x86.Build.0 = Release|Win32
	EndGlobalSection
	GlobalSection(SolutionProperties) = preSolution
		HideSolutionNode = FALSE
	EndGlobalSection
	GlobalSection(ExtensibilityGlobals) = postSolution
		SolutionGuid = {49C19116-108C-4381-BA54-42E207B1815D}
	EndGlobalSection
EndGlobal
